
Microsoft Visual Studio Solution File, Format Version 12.00
# Visual Studio Version 16
VisualStudioVersion = 16.0.30717.126
MinimumVisualStudioVersion = 10.0.40219.1
Project("{FAE04EC0-301F-11D3-BF4B-00C04F79EFBC}") = "IdentityServerWithMvc", "IdentityServerWithMvc\IdentityServerWithMvc.csproj", "{8CE07A4A-2D12-42E2-8116-664F2BA2D5BF}"
EndProject
Project("{FAE04EC0-301F-11D3-BF4B-00C04F79EFBC}") = "Client", "Client\Client.csproj", "{A7A4C557-EBFC-4BE4-8BEE-0D69C1707E51}"
EndProject
Global
	GlobalSection(SolutionConfigurationPlatforms) = preSolution
		Debug|Any CPU = Debug|Any CPU
		Release|Any CPU = Release|Any CPU
	EndGlobalSection
	GlobalSection(ProjectConfigurationPlatforms) = postSolution
		{8CE07A4A-2D12-42E2-8116-664F2BA2D5BF}.Debug|Any CPU.ActiveCfg = Debug|Any CPU
		{8CE07A4A-2D12-42E2-8116-664F2BA2D5BF}.Debug|Any CPU.Build.0 = Debug|Any CPU
		{8CE07A4A-2D12-42E2-8116-664F2BA2D5BF}.Release|Any CPU.ActiveCfg = Release|Any CPU
		{8CE07A4A-2D12-42E2-8116-664F2BA2D5BF}.Release|Any CPU.Build.0 = Release|Any CPU
		{A7A4C557-EBFC-4BE4-8BEE-0D69C1707E51}.Debug|Any CPU.ActiveCfg = Debug|Any CPU
		{A7A4C557-EBFC-4BE4-8BEE-0D69C1707E51}.Debug|Any CPU.Build.0 = Debug|Any CPU
		{A7A4C557-EBFC-4BE4-8BEE-0D69C1707E51}.Release|Any CPU.ActiveCfg = Release|Any CPU
		{A7A4C557-EBFC-4BE4-8BEE-0D69C1707E51}.Release|Any CPU.Build.0 = Release|Any CPU
	EndGlobalSection
	GlobalSection(SolutionProperties) = preSolution
		HideSolutionNode = FALSE
	EndGlobalSection
	GlobalSection(ExtensibilityGlobals) = postSolution
		SolutionGuid = {EAB4BE4B-5A98-4568-9B45-2146C0963BCD}
	EndGlobalSection
EndGlobal
